
Microsoft Visual Studio Solution File, Format Version 12.00
# Visual Studio 2013
VisualStudioVersion = 12.0.21005.1
MinimumVisualStudioVersion = 10.0.40219.1
Project("{FAE04EC0-301F-11D3-BF4B-00C04F79EFBC}") = "IntoIT.GilCar.IncidentItemsToSAP", "IntoIT.GilCar.IncidentItemsToSAP\IntoIT.GilCar.IncidentItemsToSAP.csproj", "{660AC50E-F484-48ED-B919-14BF7B8135C4}"
EndProject
Global
	GlobalSection(TeamFoundationVersionControl) = preSolution
		SccNumberOfProjects = 2
		SccEnterpriseProvider = {4CA58AB2-18FA-4F8D-95D4-32DDF27D184C}
		SccTeamFoundationServer = http://srvtfs2010:8080/tfs/defaultcollection
		SccLocalPath0 = .
		SccProjectUniqueName1 = IntoIT.GilCar.IncidentItemsToSAP\\IntoIT.GilCar.IncidentItemsToSAP.csproj
		SccProjectName1 = IntoIT.GilCar.IncidentItemsToSAP
		SccLocalPath1 = IntoIT.GilCar.IncidentItemsToSAP
	EndGlobalSection
	GlobalSection(SolutionConfigurationPlatforms) = preSolution
		Debug|Any CPU = Debug|Any CPU
		Release|Any CPU = Release|Any CPU
	EndGlobalSection
	GlobalSection(ProjectConfigurationPlatforms) = postSolution
		{660AC50E-F484-48ED-B919-14BF7B8135C4}.Debug|Any CPU.ActiveCfg = Debug|Any CPU
		{660AC50E-F484-48ED-B919-14BF7B8135C4}.Debug|Any CPU.Build.0 = Debug|Any CPU
		{660AC50E-F484-48ED-B919-14BF7B8135C4}.Release|Any CPU.ActiveCfg = Release|Any CPU
		{660AC50E-F484-48ED-B919-14BF7B8135C4}.Release|Any CPU.Build.0 = Release|Any CPU
	EndGlobalSection
	GlobalSection(SolutionProperties) = preSolution
		HideSolutionNode = FALSE
	EndGlobalSection
EndGlobal
